
Microsoft Visual Studio Solution File, Format Version 12.00
# Visual Studio Version 17
VisualStudioVersion = 17.4.33103.184
MinimumVisualStudioVersion = 10.0.40219.1
Project("{FAE04EC0-301F-11D3-BF4B-00C04F79EFBC}") = "VS_Monopoly", "VS_Monopoly\VS_Monopoly.csproj", "{CCBD552C-28BD-4B18-A00E-FA45F1D6678B}"
EndProject
Global
	GlobalSection(SolutionConfigurationPlatforms) = preSolution
		Debug|Any CPU = Debug|Any CPU
		Release|Any CPU = Release|Any CPU
	EndGlobalSection
	GlobalSection(ProjectConfigurationPlatforms) = postSolution
		{CCBD552C-28BD-4B18-A00E-FA45F1D6678B}.Debug|Any CPU.ActiveCfg = Debug|Any CPU
		{CCBD552C-28BD-4B18-A00E-FA45F1D6678B}.Debug|Any CPU.Build.0 = Debug|Any CPU
		{CCBD552C-28BD-4B18-A00E-FA45F1D6678B}.Release|Any CPU.ActiveCfg = Release|Any CPU
		{CCBD552C-28BD-4B18-A00E-FA45F1D6678B}.Release|Any CPU.Build.0 = Release|Any CPU
	EndGlobalSection
	GlobalSection(SolutionProperties) = preSolution
		HideSolutionNode = FALSE
	EndGlobalSection
	GlobalSection(ExtensibilityGlobals) = postSolution
		SolutionGuid = {A239663F-4624-4FE1-9EEC-823BD101FB19}
	EndGlobalSection
EndGlobal
